
Microsoft Visual Studio Solution File, Format Version 12.00
# Visual Studio Version 17
VisualStudioVersion = 17.14.36203.30 d17.14
MinimumVisualStudioVersion = 10.0.40219.1
Project("{FAE04EC0-301F-11D3-BF4B-00C04F79EFBC}") = "ApiAggregator", "ApiAggregator.csproj", "{C54B7DE6-FEEA-429E-A0C8-A8F5523B80E6}"
EndProject
Project("{FAE04EC0-301F-11D3-BF4B-00C04F79EFBC}") = "ApiAggregator.Tests", "..\ApiAggregator.Tests\ApiAggregator.Tests.csproj", "{78DD863F-0143-4643-82CC-BA70928DE006}"
EndProject
Global
	GlobalSection(SolutionConfigurationPlatforms) = preSolution
		Debug|Any CPU = Debug|Any CPU
		Release|Any CPU = Release|Any CPU
	EndGlobalSection
	GlobalSection(ProjectConfigurationPlatforms) = postSolution
		{C54B7DE6-FEEA-429E-A0C8-A8F5523B80E6}.Debug|Any CPU.ActiveCfg = Debug|Any CPU
		{C54B7DE6-FEEA-429E-A0C8-A8F5523B80E6}.Debug|Any CPU.Build.0 = Debug|Any CPU
		{C54B7DE6-FEEA-429E-A0C8-A8F5523B80E6}.Release|Any CPU.ActiveCfg = Release|Any CPU
		{C54B7DE6-FEEA-429E-A0C8-A8F5523B80E6}.Release|Any CPU.Build.0 = Release|Any CPU
		{78DD863F-0143-4643-82CC-BA70928DE006}.Debug|Any CPU.ActiveCfg = Debug|Any CPU
		{78DD863F-0143-4643-82CC-BA70928DE006}.Debug|Any CPU.Build.0 = Debug|Any CPU
		{78DD863F-0143-4643-82CC-BA70928DE006}.Release|Any CPU.ActiveCfg = Release|Any CPU
		{78DD863F-0143-4643-82CC-BA70928DE006}.Release|Any CPU.Build.0 = Release|Any CPU
	EndGlobalSection
	GlobalSection(SolutionProperties) = preSolution
		HideSolutionNode = FALSE
	EndGlobalSection
	GlobalSection(ExtensibilityGlobals) = postSolution
		SolutionGuid = {DD71FE30-CA8E-4849-BF2A-A6AC23998EB1}
	EndGlobalSection
EndGlobal
